{
  "nodes": {
    "hjem": {
      "inputs": {
        "nixpkgs": "nixpkgs"
      },
      "locked": {
        "lastModified": 1789234255,
        "narHash": "sha256-0nvWuRbgL4GEKpR8Y4wsB3kmsVgyd0cW8kLHc2BqlTc=",
        "owner": "feel-co",
        "repo": "hjem",
        "rev": "e5e30b4320a8cbcd6cdfc65f044763669a8f0363",
        "type": "github"
      },
      "original": {
        "owner": "feel-co",
        "repo": "hjem",
        "rev": "e5e30b4320a8cbcd6cdfc65f044763669a8f0363",
        "type": "github"
      }
    },
    "nixpkgs": {
      "locked": {
        "lastModified": 1789006805,
        "narHash": "sha256-q+GdZ3yq4Y2LXHRK0vKTM32Hwy7RCgUgy+hjwZLI5pY=",
        "rev": "8ce4ef6cb6f871616146b9fe26d2a5ae594e94fe",
        "type": "tarball",
        "url": "https://releases.nixos.org/nixos/unstable/nixos-26.11pre1070770.8ce4ef6cb6f8/nixexprs.tar.zst?lastModified=1789006805&rev=8ce4ef6cb6f871616146b9fe26d2a5ae594e94fe"
      },
      "original": {
        "type": "tarball",
        "url": "https://channels.nixos.org/nixos-unstable/nixexprs.tar.zst"
      }
    },
    "nixpkgs_2": {
      "locked": {
        "lastModified": 1790533781,
        "narHash": "sha256-F+b8u43BVF5DlM0pz7JQSbtbwKy5PrHIT5zQUekXsD0=",
        "owner": "NixOS",
        "repo": "nixpkgs",
        "rev": "cf5e76507c6e23b59f7e0ffcc7baa2a39ddd8442",
        "type": "github"
      },
      "original": {
        "owner": "NixOS",
        "ref": "nixos-26.05",
        "repo": "nixpkgs",
        "type": "github"
      }
    },
    "remoteit-ssh-src": {
      "flake": false,
      "locked": {
        "lastModified": 1681744204,
        "narHash": "sha256-Q5Eb4M3TmqMtNqg7YVqOxOdrPXQmZLq6HfUN/Bl3HFA=",
        "owner": "conor-f",
        "repo": "remoteit-ssh",
        "rev": "5a9e82b018cdc1957c71f3b88e2820bf718d597a",
        "type": "github"
      },
      "original": {
        "owner": "conor-f",
        "repo": "remoteit-ssh",
        "type": "github"
      }
    },
    "restish-src": {
      "flake": false,
      "locked": {
        "lastModified": 1782793463,
        "narHash": "sha256-tI4o+zkKNnFrqWFEHsNt2+03Luth9KHH+x7P+WwaGNI=",
        "owner": "rest-sh",
        "repo": "restish",
        "rev": "6305246a75121a7373563577e50e9bf522baca6b",
        "type": "github"
      },
      "original": {
        "owner": "rest-sh",
        "ref": "v2.3.0",
        "repo": "restish",
        "type": "github"
      }
    },
    "root": {
      "inputs": {
        "hjem": "hjem",
        "nixpkgs": "nixpkgs_2",
        "remoteit-ssh-src": "remoteit-ssh-src",
        "restish-src": "restish-src",
        "toolhive-src": "toolhive-src",
        "vscode-nixpkgs": "vscode-nixpkgs"
      }
    },
    "toolhive-src": {
      "flake": false,
      "locked": {
        "lastModified": 1790526037,
        "narHash": "sha256-4JqDZI4/NoizCYHa9A1kJMG+enmGcUTiPPSrWpJb8c4=",
        "owner": "stacklok",
        "repo": "toolhive",
        "rev": "61aaf42df6a1898bc1b4e5c738393b08ef129817",
        "type": "github"
      },
      "original": {
        "owner": "stacklok",
        "ref": "v0.51.4",
        "repo": "toolhive",
        "type": "github"
      }
    },
    "vscode-nixpkgs": {
      "locked": {
        "lastModified": 1789724158,
        "narHash": "sha256-nlKgrm0dsVhOSopKheVBCcOpiIticufPPVLdVOI0euA=",
        "owner": "NixOS",
        "repo": "nixpkgs",
        "rev": "0a3468a402c449992505b6a9fc5b06580141b750",
        "type": "github"
      },
      "original": {
        "owner": "NixOS",
        "ref": "nixpkgs-unstable",
        "repo": "nixpkgs",
        "type": "github"
      }
    }
  },
  "root": "root",
  "version": 7
}
